
Microsoft Visual Studio Solution File, Format Version 12.00
# Visual Studio Version 16
VisualStudioVersion = 16.0.31129.286
MinimumVisualStudioVersion = 10.0.40219.1
Project("{FAE04EC0-301F-11D3-BF4B-00C04F79EFBC}") = "MediaElementTest.UWP", "MediaElementTest\MediaElementTest.UWP\MediaElementTest.UWP.csproj", "{BD3E4502-F056-4946-BC74-D0157D0CAD6D}"
EndProject
Project("{FAE04EC0-301F-11D3-BF4B-00C04F79EFBC}") = "MediaElementTest.Android", "MediaElementTest\MediaElementTest.Android\MediaElementTest.Android.csproj", "{098EAACC-1362-4BFC-AA4D-46C0291D4E7C}"
EndProject
Project("{FAE04EC0-301F-11D3-BF4B-00C04F79EFBC}") = "MediaElementTest.iOS", "MediaElementTest\MediaElementTest.iOS\MediaElementTest.iOS.csproj", "{7E30A47A-C21C-408D-B1B3-67C2C64BB426}"
EndProject
Project("{FAE04EC0-301F-11D3-BF4B-00C04F79EFBC}") = "MediaElementTest", "MediaElementTest\MediaElementTest\MediaElementTest.csproj", "{F59A394F-B80C-4910-9DF0-6A38583111D3}"
EndProject
Global
	GlobalSection(SolutionConfigurationPlatforms) = preSolution
		Debug|Any CPU = Debug|Any CPU
		Debug|ARM = Debug|ARM
		Debug|iPhone = Debug|iPhone
		Debug|iPhoneSimulator = Debug|iPhoneSimulator
		Debug|x64 = Debug|x64
		Debug|x86 = Debug|x86
		Release|Any CPU = Release|Any CPU
		Release|ARM = Release|ARM
		Release|iPhone = Release|iPhone
		Release|iPhoneSimulator = Release|iPhoneSimulator
		Release|x64 = Release|x64
		Release|x86 = Release|x86
	EndGlobalSection
	GlobalSection(ProjectConfigurationPlatforms) = postSolution
		{BD3E4502-F056-4946-BC74-D0157D0CAD6D}.Debug|Any CPU.ActiveCfg = Debug|x86
		{BD3E4502-F056-4946-BC74-D0157D0CAD6D}.Debug|Any CPU.Build.0 = Debug|x86
		{BD3E4502-F056-4946-BC74-D0157D0CAD6D}.Debug|Any CPU.Deploy.0 = Debug|x86
		{BD3E4502-F056-4946-BC74-D0157D0CAD6D}.Debug|ARM.ActiveCfg = Debug|ARM
		{BD3E4502-F056-4946-BC74-D0157D0CAD6D}.Debug|ARM.Build.0 = Debug|ARM
		{BD3E4502-F056-4946-BC74-D0157D0CAD6D}.Debug|ARM.Deploy.0 = Debug|ARM
		{BD3E4502-F056-4946-BC74-D0157D0CAD6D}.Debug|iPhone.ActiveCfg = Debug|x86
		{BD3E4502-F056-4946-BC74-D0157D0CAD6D}.Debug|iPhone.Build.0 = Debug|x86
		{BD3E4502-F056-4946-BC74-D0157D0CAD6D}.Debug|iPhone.Deploy.0 = Debug|x86
		{BD3E4502-F056-4946-BC74-D0157D0CAD6D}.Debug|iPhoneSimulator.ActiveCfg = Debug|x86
		{BD3E4502-F056-4946-BC74-D0157D0CAD6D}.Debug|iPhoneSimulator.Build.0 = Debug|x86
		{BD3E4502-F056-4946-BC74-D0157D0CAD6D}.Debug|iPhoneSimulator.Deploy.0 = Debug|x86
		{BD3E4502-F056-4946-BC74-D0157D0CAD6D}.Debug|x64.ActiveCfg = Debug|x64
		{BD3E4502-F056-4946-BC74-D0157D0CAD6D}.Debug|x64.Build.0 = Debug|x64
		{BD3E4502-F056-4946-BC74-D0157D0CAD6D}.Debug|x64.Deploy.0 = Debug|x64
		{BD3E4502-F056-4946-BC74-D0157D0CAD6D}.Debug|x86.ActiveCfg = Debug|x86
		{BD3E4502-F056-4946-BC74-D0157D0CAD6D}.Debug|x86.Build.0 = Debug|x86
		{BD3E4502-F056-4946-BC74-D0157D0CAD6D}.Debug|x86.Deploy.0 = Debug|x86
		{BD3E4502-F056-4946-BC74-D0157D0CAD6D}.Release|Any CPU.ActiveCfg = Release|x86
		{BD3E4502-F056-4946-BC74-D0157D0CAD6D}.Release|Any CPU.Build.0 = Release|x86
		{BD3E4502-F056-4946-BC74-D0157D0CAD6D}.Release|Any CPU.Deploy.0 = Release|x86
		{BD3E4502-F056-4946-BC74-D0157D0CAD6D}.Release|ARM.ActiveCfg = Release|ARM
		{BD3E4502-F056-4946-BC74-D0157D0CAD6D}.Release|ARM.Build.0 = Release|ARM
		{BD3E4502-F056-4946-BC74-D0157D0CAD6D}.Release|ARM.Deploy.0 = Release|ARM
		{BD3E4502-F056-4946-BC74-D0157D0CAD6D}.Release|iPhone.ActiveCfg = Release|x86
		{BD3E4502-F056-4946-BC74-D0157D0CAD6D}.Release|iPhone.Build.0 = Release|x86
		{BD3E4502-F056-4946-BC74-D0157D0CAD6D}.Release|iPhone.Deploy.0 = Release|x86
		{BD3E4502-F056-4946-BC74-D0157D0CAD6D}.Release|iPhoneSimulator.ActiveCfg = Release|x86
		{BD3E4502-F056-4946-BC74-D0157D0CAD6D}.Release|iPhoneSimulator.Build.0 = Release|x86
		{BD3E4502-F056-4946-BC74-D0157D0CAD6D}.Release|iPhoneSimulator.Deploy.0 = Release|x86
		{BD3E4502-F056-4946-BC74-D0157D0CAD6D}.Release|x64.ActiveCfg = Release|x64
		{BD3E4502-F056-4946-BC74-D0157D0CAD6D}.Release|x64.Build.0 = Release|x64
		{BD3E4502-F056-4946-BC74-D0157D0CAD6D}.Release|x64.Deploy.0 = Release|x64
		{BD3E4502-F056-4946-BC74-D0157D0CAD6D}.Release|x86.ActiveCfg = Release|x86
		{BD3E4502-F056-4946-BC74-D0157D0CAD6D}.Release|x86.Build.0 = Release|x86
		{BD3E4502-F056-4946-BC74-D0157D0CAD6D}.Release|x86.Deploy.0 = Release|x86
		{098EAACC-1362-4BFC-AA4D-46C0291D4E7C}.Debug|Any CPU.ActiveCfg = Debug|Any CPU
		{098EAACC-1362-4BFC-AA4D-46C0291D4E7C}.Debug|Any CPU.Build.0 = Debug|Any CPU
		{098EAACC-1362-4BFC-AA4D-46C0291D4E7C}.Debug|Any CPU.Deploy.0 = Debug|Any CPU
		{098EAACC-1362-4BFC-AA4D-46C0291D4E7C}.Debug|ARM.ActiveCfg = Debug|Any CPU
		{098EAACC-1362-4BFC-AA4D-46C0291D4E7C}.Debug|ARM.Build.0 = Debug|Any CPU
		{098EAACC-1362-4BFC-AA4D-46C0291D4E7C}.Debug|ARM.Deploy.0 = Debug|Any CPU
		{098EAACC-1362-4BFC-AA4D-46C0291D4E7C}.Debug|iPhone.ActiveCfg = Debug|Any CPU
		{098EAACC-1362-4BFC-AA4D-46C0291D4E7C}.Debug|iPhone.Build.0 = Debug|Any CPU
		{098EAACC-1362-4BFC-AA4D-46C0291D4E7C}.Debug|iPhone.Deploy.0 = Debug|Any CPU
		{098EAACC-1362-4BFC-AA4D-46C0291D4E7C}.Debug|iPhoneSimulator.ActiveCfg = Debug|Any CPU
		{098EAACC-1362-4BFC-AA4D-46C0291D4E7C}.Debug|iPhoneSimulator.Build.0 = Debug|Any CPU
		{098EAACC-1362-4BFC-AA4D-46C0291D4E7C}.Debug|iPhoneSimulator.Deploy.0 = Debug|Any CPU
		{098EAACC-1362-4BFC-AA4D-46C0291D4E7C}.Debug|x64.ActiveCfg = Debug|Any CPU
		{098EAACC-1362-4BFC-AA4D-46C0291D4E7C}.Debug|x64.Build.0 = Debug|Any CPU
		{098EAACC-1362-4BFC-AA4D-46C0291D4E7C}.Debug|x64.Deploy.0 = Debug|Any CPU
		{098EAACC-1362-4BFC-AA4D-46C0291D4E7C}.Debug|x86.ActiveCfg = Debug|Any CPU
		{098EAACC-1362-4BFC-AA4D-46C0291D4E7C}.Debug|x86.Build.0 = Debug|Any CPU
		{098EAACC-1362-4BFC-AA4D-46C0291D4E7C}.Debug|x86.Deploy.0 = Debug|Any CPU
		{098EAACC-1362-4BFC-AA4D-46C0291D4E7C}.Release|Any CPU.ActiveCfg = Release|Any CPU
		{098EAACC-1362-4BFC-AA4D-46C0291D4E7C}.Release|Any CPU.Build.0 = Release|Any CPU
		{098EAACC-1362-4BFC-AA4D-46C0291D4E7C}.Release|Any CPU.Deploy.0 = Release|Any CPU
		{098EAACC-1362-4BFC-AA4D-46C0291D4E7C}.Release|ARM.ActiveCfg = Release|Any CPU
		{098EAACC-1362-4BFC-AA4D-46C0291D4E7C}.Release|ARM.Build.0 = Release|Any CPU
		{098EAACC-1362-4BFC-AA4D-46C0291D4E7C}.Release|ARM.Deploy.0 = Release|Any CPU
		{098EAACC-1362-4BFC-AA4D-46C0291D4E7C}.Release|iPhone.ActiveCfg = Release|Any CPU
		{098EAACC-1362-4BFC-AA4D-46C0291D4E7C}.Release|iPhone.Build.0 = Release|Any CPU
		{098EAACC-1362-4BFC-AA4D-46C0291D4E7C}.Release|iPhone.Deploy.0 = Release|Any CPU
		{098EAACC-1362-4BFC-AA4D-46C0291D4E7C}.Release|iPhoneSimulator.ActiveCfg = Release|Any CPU
		{098EAACC-1362-4BFC-AA4D-46C0291D4E7C}.Release|iPhoneSimulator.Build.0 = Release|Any CPU
		{098EAACC-1362-4BFC-AA4D-46C0291D4E7C}.Release|iPhoneSimulator.Deploy.0 = Release|Any CPU
		{098EAACC-1362-4BFC-AA4D-46C0291D4E7C}.Release|x64.ActiveCfg = Release|Any CPU
		{098EAACC-1362-4BFC-AA4D-46C0291D4E7C}.Release|x64.Build.0 = Release|Any CPU
		{098EAACC-1362-4BFC-AA4D-46C0291D4E7C}.Release|x64.Deploy.0 = Release|Any CPU
		{098EAACC-1362-4BFC-AA4D-46C0291D4E7C}.Release|x86.ActiveCfg = Release|Any CPU
		{098EAACC-1362-4BFC-AA4D-46C0291D4E7C}.Release|x86.Build.0 = Release|Any CPU
		{098EAACC-1362-4BFC-AA4D-46C0291D4E7C}.Release|x86.Deploy.0 = Release|Any CPU
		{7E30A47A-C21C-408D-B1B3-67C2C64BB426}.Debug|Any CPU.ActiveCfg = Debug|iPhoneSimulator
		{7E30A47A-C21C-408D-B1B3-67C2C64BB426}.Debug|Any CPU.Build.0 = Debug|iPhoneSimulator
		{7E30A47A-C21C-408D-B1B3-67C2C64BB426}.Debug|Any CPU.Deploy.0 = Debug|iPhoneSimulator
		{7E30A47A-C21C-408D-B1B3-67C2C64BB426}.Debug|ARM.ActiveCfg = Debug|iPhone
		{7E30A47A-C21C-408D-B1B3-67C2C64BB426}.Debug|ARM.Build.0 = Debug|iPhone
		{7E30A47A-C21C-408D-B1B3-67C2C64BB426}.Debug|ARM.Deploy.0 = Debug|iPhone
		{7E30A47A-C21C-408D-B1B3-67C2C64BB426}.Debug|iPhone.ActiveCfg = Debug|iPhone
		{7E30A47A-C21C-408D-B1B3-67C2C64BB426}.Debug|iPhone.Build.0 = Debug|iPhone
		{7E30A47A-C21C-408D-B1B3-67C2C64BB426}.Debug|iPhone.Deploy.0 = Debug|iPhone
		{7E30A47A-C21C-408D-B1B3-67C2C64BB426}.Debug|iPhoneSimulator.ActiveCfg = Debug|iPhoneSimulator
		{7E30A47A-C21C-408D-B1B3-67C2C64BB426}.Debug|iPhoneSimulator.Build.0 = Debug|iPhoneSimulator
		{7E30A47A-C21C-408D-B1B3-67C2C64BB426}.Debug|iPhoneSimulator.Deploy.0 = Debug|iPhoneSimulator
		{7E30A47A-C21C-408D-B1B3-67C2C64BB426}.Debug|x64.ActiveCfg = Debug|iPhoneSimulator
		{7E30A47A-C21C-408D-B1B3-67C2C64BB426}.Debug|x64.Build.0 = Debug|iPhoneSimulator
		{7E30A47A-C21C-408D-B1B3-67C2C64BB426}.Debug|x64.Deploy.0 = Debug|iPhoneSimulator
		{7E30A47A-C21C-408D-B1B3-67C2C64BB426}.Debug|x86.ActiveCfg = Debug|iPhoneSimulator
		{7E30A47A-C21C-408D-B1B3-67C2C64BB426}.Debug|x86.Build.0 = Debug|iPhoneSimulator
		{7E30A47A-C21C-408D-B1B3-67C2C64BB426}.Debug|x86.Deploy.0 = Debug|iPhoneSimulator
		{7E30A47A-C21C-408D-B1B3-67C2C64BB426}.Release|Any CPU.ActiveCfg = Release|iPhoneSimulator
		{7E30A47A-C21C-408D-B1B3-67C2C64BB426}.Release|Any CPU.Build.0 = Release|iPhoneSimulator
		{7E30A47A-C21C-408D-B1B3-67C2C64BB426}.Release|Any CPU.Deploy.0 = Release|iPhoneSimulator
		{7E30A47A-C21C-408D-B1B3-67C2C64BB426}.Release|ARM.ActiveCfg = Release|iPhoneSimulator
		{7E30A47A-C21C-408D-B1B3-67C2C64BB426}.Release|ARM.Build.0 = Release|iPhoneSimulator
		{7E30A47A-C21C-408D-B1B3-67C2C64BB426}.Release|ARM.Deploy.0 = Release|iPhoneSimulator
		{7E30A47A-C21C-408D-B1B3-67C2C64BB426}.Release|iPhone.ActiveCfg = Release|iPhone
		{7E30A47A-C21C-408D-B1B3-67C2C64BB426}.Release|iPhone.Build.0 = Release|iPhone
		{7E30A47A-C21C-408D-B1B3-67C2C64BB426}.Release|iPhone.Deploy.0 = Release|iPhone
		{7E30A47A-C21C-408D-B1B3-67C2C64BB426}.Release|iPhoneSimulator.ActiveCfg = Release|iPhoneSimulator
		{7E30A47A-C21C-408D-B1B3-67C2C64BB426}.Release|iPhoneSimulator.Build.0 = Release|iPhoneSimulator
		{7E30A47A-C21C-408D-B1B3-67C2C64BB426}.Release|iPhoneSimulator.Deploy.0 = Release|iPhoneSimulator
		{7E30A47A-C21C-408D-B1B3-67C2C64BB426}.Release|x64.ActiveCfg = Release|iPhoneSimulator
		{7E30A47A-C21C-408D-B1B3-67C2C64BB426}.Release|x64.Build.0 = Release|iPhoneSimulator
		{7E30A47A-C21C-408D-B1B3-67C2C64BB426}.Release|x64.Deploy.0 = Release|iPhoneSimulator
		{7E30A47A-C21C-408D-B1B3-67C2C64BB426}.Release|x86.ActiveCfg = Release|iPhoneSimulator
		{7E30A47A-C21C-408D-B1B3-67C2C64BB426}.Release|x86.Build.0 = Release|iPhoneSimulator
		{7E30A47A-C21C-408D-B1B3-67C2C64BB426}.Release|x86.Deploy.0 = Release|iPhoneSimulator
		{F59A394F-B80C-4910-9DF0-6A38583111D3}.Debug|Any CPU.ActiveCfg = Debug|Any CPU
		{F59A394F-B80C-4910-9DF0-6A38583111D3}.Debug|Any CPU.Build.0 = Debug|Any CPU
		{F59A394F-B80C-4910-9DF0-6A38583111D3}.Debug|Any CPU.Deploy.0 = Debug|Any CPU
		{F59A394F-B80C-4910-9DF0-6A38583111D3}.Debug|ARM.ActiveCfg = Debug|Any CPU
		{F59A394F-B80C-4910-9DF0-6A38583111D3}.Debug|ARM.Build.0 = Debug|Any CPU
		{F59A394F-B80C-4910-9DF0-6A38583111D3}.Debug|ARM.Deploy.0 = Debug|Any CPU
		{F59A394F-B80C-4910-9DF0-6A38583111D3}.Debug|iPhone.ActiveCfg = Debug|Any CPU
		{F59A394F-B80C-4910-9DF0-6A38583111D3}.Debug|iPhone.Build.0 = Debug|Any CPU
		{F59A394F-B80C-4910-9DF0-6A38583111D3}.Debug|iPhone.Deploy.0 = Debug|Any CPU
		{F59A394F-B80C-4910-9DF0-6A38583111D3}.Debug|iPhoneSimulator.ActiveCfg = Debug|Any CPU
		{F59A394F-B80C-4910-9DF0-6A38583111D3}.Debug|iPhoneSimulator.Build.0 = Debug|Any CPU
		{F59A394F-B80C-4910-9DF0-6A38583111D3}.Debug|iPhoneSimulator.Deploy.0 = Debug|Any CPU
		{F59A394F-B80C-4910-9DF0-6A38583111D3}.Debug|x64.ActiveCfg = Debug|Any CPU
		{F59A394F-B80C-4910-9DF0-6A38583111D3}.Debug|x64.Build.0 = Debug|Any CPU
		{F59A394F-B80C-4910-9DF0-6A38583111D3}.Debug|x64.Deploy.0 = Debug|Any CPU
		{F59A394F-B80C-4910-9DF0-6A38583111D3}.Debug|x86.ActiveCfg = Debug|Any CPU
		{F59A394F-B80C-4910-9DF0-6A38583111D3}.Debug|x86.Build.0 = Debug|Any CPU
		{F59A394F-B80C-4910-9DF0-6A38583111D3}.Debug|x86.Deploy.0 = Debug|Any CPU
		{F59A394F-B80C-4910-9DF0-6A38583111D3}.Release|Any CPU.ActiveCfg = Release|Any CPU
		{F59A394F-B80C-4910-9DF0-6A38583111D3}.Release|Any CPU.Build.0 = Release|Any CPU
		{F59A394F-B80C-4910-9DF0-6A38583111D3}.Release|Any CPU.Deploy.0 = Release|Any CPU
		{F59A394F-B80C-4910-9DF0-6A38583111D3}.Release|ARM.ActiveCfg = Release|Any CPU
		{F59A394F-B80C-4910-9DF0-6A38583111D3}.Release|ARM.Build.0 = Release|Any CPU
		{F59A394F-B80C-4910-9DF0-6A38583111D3}.Release|ARM.Deploy.0 = Release|Any CPU
		{F59A394F-B80C-4910-9DF0-6A38583111D3}.Release|iPhone.ActiveCfg = Release|Any CPU
		{F59A394F-B80C-4910-9DF0-6A38583111D3}.Release|iPhone.Build.0 = Release|Any CPU
		{F59A394F-B80C-4910-9DF0-6A38583111D3}.Release|iPhone.Deploy.0 = Release|Any CPU
		{F59A394F-B80C-4910-9DF0-6A38583111D3}.Release|iPhoneSimulator.ActiveCfg = Release|Any CPU
		{F59A394F-B80C-4910-9DF0-6A38583111D3}.Release|iPhoneSimulator.Build.0 = Release|Any CPU
		{F59A394F-B80C-4910-9DF0-6A38583111D3}.Release|iPhoneSimulator.Deploy.0 = Release|Any CPU
		{F59A394F-B80C-4910-9DF0-6A38583111D3}.Release|x64.ActiveCfg = Release|Any CPU
		{F59A394F-B80C-4910-9DF0-6A38583111D3}.Release|x64.Build.0 = Release|Any CPU
		{F59A394F-B80C-4910-9DF0-6A38583111D3}.Release|x64.Deploy.0 = Release|Any CPU
		{F59A394F-B80C-4910-9DF0-6A38583111D3}.Release|x86.ActiveCfg = Release|Any CPU
		{F59A394F-B80C-4910-9DF0-6A38583111D3}.Release|x86.Build.0 = Release|Any CPU
		{F59A394F-B80C-4910-9DF0-6A38583111D3}.Release|x86.Deploy.0 = Release|Any CPU
	EndGlobalSection
	GlobalSection(SolutionProperties) = preSolution
		HideSolutionNode = FALSE
	EndGlobalSection
	GlobalSection(ExtensibilityGlobals) = postSolution
		SolutionGuid = {09B3C110-C62B-4B65-A1CB-FB7493A55456}
	EndGlobalSection
EndGlobal
